// !$*UTF8*$!
{
	archiveVersion = 1;
	classes = {
	};
	objectVersion = 77;
	objects = {

/* Begin PBXBuildFile section */
		3C187DE92FCC5A6A00660EE9 /* ARKit.framework in Frameworks */ = {isa = PBXBuildFile; fileRef = 3C187DE82FCC5A6A00660EE9 /* ARKit.framework */; };
		CBC1D2732FD2975200EF9A02 /* ZupZupContent in Frameworks */ = {isa = PBXBuildFile; productRef = CBC1D2722FD2975200EF9A02 /* ZupZupContent */; };
		E72C1E6B2FD25350005F6D4B /* Develop.xcconfig in Resources */ = {isa = PBXBuildFile; fileRef = E72C1E6A2FD25350005F6D4B /* Develop.xcconfig */; };
/* End PBXBuildFile section */

/* Begin PBXContainerItemProxy section */
		56D795F02FC95B6200807EC5 /* PBXContainerItemProxy */ = {
			isa = PBXContainerItemProxy;
			containerPortal = 56D795DA2FC95B6100807EC5 /* Project object */;
			proxyType = 1;
			remoteGlobalIDString = 56D795E12FC95B6100807EC5;
			remoteInfo = ZupZup;
		};
		56D795FA2FC95B6200807EC5 /* PBXContainerItemProxy */ = {
			isa = PBXContainerItemProxy;
			containerPortal = 56D795DA2FC95B6100807EC5 /* Project object */;
			proxyType = 1;
			remoteGlobalIDString = 56D795E12FC95B6100807EC5;
			remoteInfo = ZupZup;
		};
/* End PBXContainerItemProxy section */

/* Begin PBXFileReference section */
		3C187DE82FCC5A6A00660EE9 /* ARKit.framework */ = {isa = PBXFileReference; lastKnownFileType = wrapper.framework; name = ARKit.framework; path = System/Library/Frameworks/ARKit.framework; sourceTree = SDKROOT; };
		56D795E22FC95B6100807EC5 /* ZupZup.app */ = {isa = PBXFileReference; explicitFileType = wrapper.application; includeInIndex = 0; path = ZupZup.app; sourceTree = BUILT_PRODUCTS_DIR; };
		56D795EF2FC95B6200807EC5 /* ZupZupTests.xctest */ = {isa = PBXFileReference; explicitFileType = wrapper.cfbundle; includeInIndex = 0; path = ZupZupTests.xctest; sourceTree = BUILT_PRODUCTS_DIR; };
		56D795F92FC95B6200807EC5 /* ZupZupUITests.xctest */ = {isa = PBXFileReference; explicitFileType = wrapper.cfbundle; includeInIndex = 0; path = ZupZupUITests.xctest; sourceTree = BUILT_PRODUCTS_DIR; };
		E72C1E6A2FD25350005F6D4B /* Develop.xcconfig */ = {isa = PBXFileReference; lastKnownFileType = text.xcconfig; path = Develop.xcconfig; sourceTree = "<group>"; };
/* End PBXFileReference section */

/* Begin PBXFileSystemSynchronizedBuildFileExceptionSet section */
		CB7BF0FA2FCA81AD006CD47B /* Exceptions for "ZupZup" folder in "ZupZup" target */ = {
			isa = PBXFileSystemSynchronizedBuildFileExceptionSet;
			membershipExceptions = (
				Info.plist,
			);
			target = 56D795E12FC95B6100807EC5 /* ZupZup */;
		};
/* End PBXFileSystemSynchronizedBuildFileExceptionSet section */

/* Begin PBXFileSystemSynchronizedRootGroup section */
		56D795E42FC95B6100807EC5 /* ZupZup */ = {
			isa = PBXFileSystemSynchronizedRootGroup;
			exceptions = (
				CB7BF0FA2FCA81AD006CD47B /* Exceptions for "ZupZup" folder in "ZupZup" target */,
			);
			path = ZupZup;
			sourceTree = "<group>";
		};
		56D795F22FC95B6200807EC5 /* ZupZupTests */ = {
			isa = PBXFileSystemSynchronizedRootGroup;
			path = ZupZupTests;
			sourceTree = "<group>";
		};
		56D795FC2FC95B6200807EC5 /* ZupZupUITests */ = {
			isa = PBXFileSystemSynchronizedRootGroup;
			path = ZupZupUITests;
			sourceTree = "<group>";
		};
/* End PBXFileSystemSynchronizedRootGroup section */

/* Begin PBXFrameworksBuildPhase section */
		56D795DF2FC95B6100807EC5 /* Frameworks */ = {
			isa = PBXFrameworksBuildPhase;
			buildActionMask = 2147483647;
			files = (
				CBC1D2732FD2975200EF9A02 /* ZupZupContent in Frameworks */,
				3C187DE92FCC5A6A00660EE9 /* ARKit.framework in Frameworks */,
			);
			runOnlyForDeploymentPostprocessing = 0;
		};
		56D795EC2FC95B6200807EC5 /* Frameworks */ = {
			isa = PBXFrameworksBuildPhase;
			buildActionMask = 2147483647;
			files = (
			);
			runOnlyForDeploymentPostprocessing = 0;
		};
		56D795F62FC95B6200807EC5 /* Frameworks */ = {
			isa = PBXFrameworksBuildPhase;
			buildActionMask = 2147483647;
			files = (
			);
			runOnlyForDeploymentPostprocessing = 0;
		};
/* End PBXFrameworksBuildPhase section */

/* Begin PBXGroup section */
		3C187DE72FCC5A6900660EE9 /* Frameworks */ = {
			isa = PBXGroup;
			children = (
				3C187DE82FCC5A6A00660EE9 /* ARKit.framework */,
			);
			name = Frameworks;
			sourceTree = "<group>";
		};
		56D795D92FC95B6100807EC5 = {
			isa = PBXGroup;
			children = (
				56D795E42FC95B6100807EC5 /* ZupZup */,
				56D795F22FC95B6200807EC5 /* ZupZupTests */,
				56D795FC2FC95B6200807EC5 /* ZupZupUITests */,
				3C187DE72FCC5A6900660EE9 /* Frameworks */,
				56D795E32FC95B6100807EC5 /* Products */,
				E72C1E6A2FD25350005F6D4B /* Develop.xcconfig */,
			);
			sourceTree = "<group>";
		};
		56D795E32FC95B6100807EC5 /* Products */ = {
			isa = PBXGroup;
			children = (
				56D795E22FC95B6100807EC5 /* ZupZup.app */,
				56D795EF2FC95B6200807EC5 /* ZupZupTests.xctest */,
				56D795F92FC95B6200807EC5 /* ZupZupUITests.xctest */,
			);
			name = Products;
			sourceTree = "<group>";
		};
/* End PBXGroup section */

/* Begin PBXNativeTarget section */
		56D795E12FC95B6100807EC5 /* ZupZup */ = {
			isa = PBXNativeTarget;
			buildConfigurationList = 56D796032FC95B6200807EC5 /* Build configuration list for PBXNativeTarget "ZupZup" */;
			buildPhases = (
				56D795DE2FC95B6100807EC5 /* Sources */,
				56D795DF2FC95B6100807EC5 /* Frameworks */,
				56D795E02FC95B6100807EC5 /* Resources */,
				CBC106712FD0311600ACAE18 /* Run Script */,
			);
			buildRules = (
			);
			dependencies = (
			);
			fileSystemSynchronizedGroups = (
				56D795E42FC95B6100807EC5 /* ZupZup */,
			);
			name = ZupZup;
			packageProductDependencies = (
				CBC1D2722FD2975200EF9A02 /* ZupZupContent */,
			);
			productName = ZupZup;
			productReference = 56D795E22FC95B6100807EC5 /* ZupZup.app */;
			productType = "com.apple.product-type.application";
		};
		56D795EE2FC95B6200807EC5 /* ZupZupTests */ = {
			isa = PBXNativeTarget;
			buildConfigurationList = 56D796062FC95B6200807EC5 /* Build configuration list for PBXNativeTarget "ZupZupTests" */;
			buildPhases = (
				56D795EB2FC95B6200807EC5 /* Sources */,
				56D795EC2FC95B6200807EC5 /* Frameworks */,
				56D795ED2FC95B6200807EC5 /* Resources */,
			);
			buildRules = (
			);
			dependencies = (
				56D795F12FC95B6200807EC5 /* PBXTargetDependency */,
			);
			fileSystemSynchronizedGroups = (
				56D795F22FC95B6200807EC5 /* ZupZupTests */,
			);
			name = ZupZupTests;
			packageProductDependencies = (
			);
			productName = ZupZupTests;
			productReference = 56D795EF2FC95B6200807EC5 /* ZupZupTests.xctest */;
			productType = "com.apple.product-type.bundle.unit-test";
		};
		56D795F82FC95B6200807EC5 /* ZupZupUITests */ = {
			isa = PBXNativeTarget;
			buildConfigurationList = 56D796092FC95B6200807EC5 /* Build configuration list for PBXNativeTarget "ZupZupUITests" */;
			buildPhases = (
				56D795F52FC95B6200807EC5 /* Sources */,
				56D795F62FC95B6200807EC5 /* Frameworks */,
				56D795F72FC95B6200807EC5 /* Resources */,
			);
			buildRules = (
			);
			dependencies = (
				56D795FB2FC95B6200807EC5 /* PBXTargetDependency */,
			);
			fileSystemSynchronizedGroups = (
				56D795FC2FC95B6200807EC5 /* ZupZupUITests */,
			);
			name = ZupZupUITests;
			packageProductDependencies = (
			);
			productName = ZupZupUITests;
			productReference = 56D795F92FC95B6200807EC5 /* ZupZupUITests.xctest */;
			productType = "com.apple.product-type.bundle.ui-testing";
		};
/* End PBXNativeTarget section */

/* Begin PBXProject section */
		56D795DA2FC95B6100807EC5 /* Project object */ = {
			isa = PBXProject;
			attributes = {
				BuildIndependentTargetsInParallel = 1;
				LastSwiftUpdateCheck = 2640;
				LastUpgradeCheck = 2650;
				TargetAttributes = {
					56D795E12FC95B6100807EC5 = {
						CreatedOnToolsVersion = 26.4.1;
					};
					56D795EE2FC95B6200807EC5 = {
						CreatedOnToolsVersion = 26.4.1;
						TestTargetID = 56D795E12FC95B6100807EC5;
					};
					56D795F82FC95B6200807EC5 = {
						CreatedOnToolsVersion = 26.4.1;
						TestTargetID = 56D795E12FC95B6100807EC5;
					};
				};
			};
			buildConfigurationList = 56D795DD2FC95B6100807EC5 /* Build configuration list for PBXProject "ZupZup" */;
			developmentRegion = en;
			hasScannedForEncodings = 0;
			knownRegions = (
				en,
				Base,
			);
			mainGroup = 56D795D92FC95B6100807EC5;
			minimizedProjectReferenceProxies = 1;
			packageReferences = (
				CBC1D2712FD2974A00EF9A02 /* XCLocalSwiftPackageReference "ZupZupContent" */,
			);
			preferredProjectObjectVersion = 77;
			productRefGroup = 56D795E32FC95B6100807EC5 /* Products */;
			projectDirPath = "";
			projectRoot = "";
			targets = (
				56D795E12FC95B6100807EC5 /* ZupZup */,
				56D795EE2FC95B6200807EC5 /* ZupZupTests */,
				56D795F82FC95B6200807EC5 /* ZupZupUITests */,
			);
		};
/* End PBXProject section */

/* Begin PBXResourcesBuildPhase section */
		56D795E02FC95B6100807EC5 /* Resources */ = {
			isa = PBXResourcesBuildPhase;
			buildActionMask = 2147483647;
			files = (
				E72C1E6B2FD25350005F6D4B /* Develop.xcconfig in Resources */,
			);
			runOnlyForDeploymentPostprocessing = 0;
		};
		56D795ED2FC95B6200807EC5 /* Resources */ = {
			isa = PBXResourcesBuildPhase;
			buildActionMask = 2147483647;
			files = (
			);
			runOnlyForDeploymentPostprocessing = 0;
		};
		56D795F72FC95B6200807EC5 /* Resources */ = {
			isa = PBXResourcesBuildPhase;
			buildActionMask = 2147483647;
			files = (
			);
			runOnlyForDeploymentPostprocessing = 0;
		};
/* End PBXResourcesBuildPhase section */

/* Begin PBXShellScriptBuildPhase section */
		CBC106712FD0311600ACAE18 /* Run Script */ = {
			isa = PBXShellScriptBuildPhase;
			alwaysOutOfDate = 1;
			buildActionMask = 2147483647;
			files = (
			);
			inputFileListPaths = (
			);
			inputPaths = (
			);
			name = "Run Script";
			outputFileListPaths = (
			);
			outputPaths = (
			);
			runOnlyForDeploymentPostprocessing = 0;
			shellPath = /bin/sh;
			shellScript = "export PATH=\"$PATH:/opt/homebrew/bin\"\nif which swiftlint > /dev/null; then\ncd \"$SRCROOT\" && swiftlint\nelse\necho \"warning: SwiftLint not installed\"\nfi\n";
		};
/* End PBXShellScriptBuildPhase section */

/* Begin PBXSourcesBuildPhase section */
		56D795DE2FC95B6100807EC5 /* Sources */ = {
			isa = PBXSourcesBuildPhase;
			buildActionMask = 2147483647;
			files = (
			);
			runOnlyForDeploymentPostprocessing = 0;
		};
		56D795EB2FC95B6200807EC5 /* Sources */ = {
			isa = PBXSourcesBuildPhase;
			buildActionMask = 2147483647;
			files = (
			);
			runOnlyForDeploymentPostprocessing = 0;
		};
		56D795F52FC95B6200807EC5 /* Sources */ = {
			isa = PBXSourcesBuildPhase;
			buildActionMask = 2147483647;
			files = (
			);
			runOnlyForDeploymentPostprocessing = 0;
		};
/* End PBXSourcesBuildPhase section */

/* Begin PBXTargetDependency section */
		56D795F12FC95B6200807EC5 /* PBXTargetDependency */ = {
			isa = PBXTargetDependency;
			target = 56D795E12FC95B6100807EC5 /* ZupZup */;
			targetProxy = 56D795F02FC95B6200807EC5 /* PBXContainerItemProxy */;
		};
		56D795FB2FC95B6200807EC5 /* PBXTargetDependency */ = {
			isa = PBXTargetDependency;
			target = 56D795E12FC95B6100807EC5 /* ZupZup */;
			targetProxy = 56D795FA2FC95B6200807EC5 /* PBXContainerItemProxy */;
		};
/* End PBXTargetDependency section */

/* Begin XCBuildConfiguration section */
		56D796012FC95B6200807EC5 /* Debug */ = {
			isa = XCBuildConfiguration;
			baseConfigurationReference = E72C1E6A2FD25350005F6D4B /* Develop.xcconfig */;
			buildSettings = {
				ALWAYS_SEARCH_USER_PATHS = NO;
				ASSETCATALOG_COMPILER_GENERATE_SWIFT_ASSET_SYMBOL_EXTENSIONS = YES;
				CLANG_ANALYZER_NONNULL = YES;
				CLANG_ANALYZER_NUMBER_OBJECT_CONVERSION = YES_AGGRESSIVE;
				CLANG_CXX_LANGUAGE_STANDARD = "gnu++20";
				CLANG_ENABLE_MODULES = YES;
				CLANG_ENABLE_OBJC_ARC = YES;
				CLANG_ENABLE_OBJC_WEAK = YES;
				CLANG_WARN_BLOCK_CAPTURE_AUTORELEASING = YES;
				CLANG_WARN_BOOL_CONVERSION = YES;
				CLANG_WARN_COMMA = YES;
				CLANG_WARN_CONSTANT_CONVERSION = YES;
				CLANG_WARN_DEPRECATED_OBJC_IMPLEMENTATIONS = YES;
				CLANG_WARN_DIRECT_OBJC_ISA_USAGE = YES_ERROR;
				CLANG_WARN_DOCUMENTATION_COMMENTS = YES;
				CLANG_WARN_EMPTY_BODY = YES;
				CLANG_WARN_ENUM_CONVERSION = YES;
				CLANG_WARN_INFINITE_RECURSION = YES;
				CLANG_WARN_INT_CONVERSION = YES;
				CLANG_WARN_NON_LITERAL_NULL_CONVERSION = YES;
				CLANG_WARN_OBJC_IMPLICIT_RETAIN_SELF = YES;
				CLANG_WARN_OBJC_LITERAL_CONVERSION = YES;
				CLANG_WARN_OBJC_ROOT_CLASS = YES_ERROR;
				CLANG_WARN_QUOTED_INCLUDE_IN_FRAMEWORK_HEADER = YES;
				CLANG_WARN_RANGE_LOOP_ANALYSIS = YES;
				CLANG_WARN_STRICT_PROTOTYPES = YES;
				CLANG_WARN_SUSPICIOUS_MOVE = YES;
				CLANG_WARN_UNGUARDED_AVAILABILITY = YES_AGGRESSIVE;
				CLANG_WARN_UNREACHABLE_CODE = YES;
				CLANG_WARN__DUPLICATE_METHOD_MATCH = YES;
				COPY_PHASE_STRIP = NO;
				DEBUG_INFORMATION_FORMAT = dwarf;
				DEVELOPMENT_TEAM = "$(DEVELOPMENT_TEAM)";
				ENABLE_STRICT_OBJC_MSGSEND = YES;
				ENABLE_TESTABILITY = YES;
				ENABLE_USER_SCRIPT_SANDBOXING = NO;
				GCC_C_LANGUAGE_STANDARD = gnu17;
				GCC_DYNAMIC_NO_PIC = NO;
				GCC_NO_COMMON_BLOCKS = YES;
				GCC_OPTIMIZATION_LEVEL = 0;
				GCC_PREPROCESSOR_DEFINITIONS = (
					"DEBUG=1",
					"$(inherited)",
				);
				GCC_WARN_64_TO_32_BIT_CONVERSION = YES;
				GCC_WARN_ABOUT_RETURN_TYPE = YES_ERROR;
				GCC_WARN_UNDECLARED_SELECTOR = YES;
				GCC_WARN_UNINITIALIZED_AUTOS = YES_AGGRESSIVE;
				GCC_WARN_UNUSED_FUNCTION = YES;
				GCC_WARN_UNUSED_VARIABLE = YES;
				INFOPLIST_FILE = ZupZup/Info.plist;
				IPHONEOS_DEPLOYMENT_TARGET = 26.4;
				LOCALIZATION_PREFERS_STRING_CATALOGS = YES;
				MTL_ENABLE_DEBUG_INFO = INCLUDE_SOURCE;
				MTL_FAST_MATH = YES;
				ONLY_ACTIVE_ARCH = YES;
				SDKROOT = iphoneos;
				STRING_CATALOG_GENERATE_SYMBOLS = YES;
				SWIFT_ACTIVE_COMPILATION_CONDITIONS = "DEBUG $(inherited)";
				SWIFT_OPTIMIZATION_LEVEL = "-Onone";
			};
			name = Debug;
		};
		56D796022FC95B6200807EC5 /* Release */ = {
			isa = XCBuildConfiguration;
			baseConfigurationReferenceAnchor = 56D795E42FC95B6100807EC5 /* ZupZup */;
			baseConfigurationReferenceRelativePath = Resources/Develop.xcconfig;
			buildSettings = {
				ALWAYS_SEARCH_USER_PATHS = NO;
				ASSETCATALOG_COMPILER_GENERATE_SWIFT_ASSET_SYMBOL_EXTENSIONS = YES;
				CLANG_ANALYZER_NONNULL = YES;
				CLANG_ANALYZER_NUMBER_OBJECT_CONVERSION = YES_AGGRESSIVE;
				CLANG_CXX_LANGUAGE_STANDARD = "gnu++20";
				CLANG_ENABLE_MODULES = YES;
				CLANG_ENABLE_OBJC_ARC = YES;
				CLANG_ENABLE_OBJC_WEAK = YES;
				CLANG_WARN_BLOCK_CAPTURE_AUTORELEASING = YES;
				CLANG_WARN_BOOL_CONVERSION = YES;
				CLANG_WARN_COMMA = YES;
				CLANG_WARN_CONSTANT_CONVERSION = YES;
				CLANG_WARN_DEPRECATED_OBJC_IMPLEMENTATIONS = YES;
				CLANG_WARN_DIRECT_OBJC_ISA_USAGE = YES_ERROR;
				CLANG_WARN_DOCUMENTATION_COMMENTS = YES;
				CLANG_WARN_EMPTY_BODY = YES;
				CLANG_WARN_ENUM_CONVERSION = YES;
				CLANG_WARN_INFINITE_RECURSION = YES;
				CLANG_WARN_INT_CONVERSION = YES;
				CLANG_WARN_NON_LITERAL_NULL_CONVERSION = YES;
				CLANG_WARN_OBJC_IMPLICIT_RETAIN_SELF = YES;
				CLANG_WARN_OBJC_LITERAL_CONVERSION = YES;
				CLANG_WARN_OBJC_ROOT_CLASS = YES_ERROR;
				CLANG_WARN_QUOTED_INCLUDE_IN_FRAMEWORK_HEADER = YES;
				CLANG_WARN_RANGE_LOOP_ANALYSIS = YES;
				CLANG_WARN_STRICT_PROTOTYPES = YES;
				CLANG_WARN_SUSPICIOUS_MOVE = YES;
				CLANG_WARN_UNGUARDED_AVAILABILITY = YES_AGGRESSIVE;
				CLANG_WARN_UNREACHABLE_CODE = YES;
				CLANG_WARN__DUPLICATE_METHOD_MATCH = YES;
				COPY_PHASE_STRIP = NO;
				DEBUG_INFORMATION_FORMAT = "dwarf-with-dsym";
				DEVELOPMENT_TEAM = "$(DEVELOPMENT_TEAM)";
				ENABLE_NS_ASSERTIONS = NO;
				ENABLE_STRICT_OBJC_MSGSEND = YES;
				ENABLE_USER_SCRIPT_SANDBOXING = NO;
				GCC_C_LANGUAGE_STANDARD = gnu17;
				GCC_NO_COMMON_BLOCKS = YES;
				GCC_WARN_64_TO_32_BIT_CONVERSION = YES;
				GCC_WARN_ABOUT_RETURN_TYPE = YES_ERROR;
				GCC_WARN_UNDECLARED_SELECTOR = YES;
				GCC_WARN_UNINITIALIZED_AUTOS = YES_AGGRESSIVE;
				GCC_WARN_UNUSED_FUNCTION = YES;
				GCC_WARN_UNUSED_VARIABLE = YES;
				INFOPLIST_FILE = ZupZup/Info.plist;
				IPHONEOS_DEPLOYMENT_TARGET = 26.4;
				LOCALIZATION_PREFERS_STRING_CATALOGS = YES;
				MTL_ENABLE_DEBUG_INFO = NO;
				MTL_FAST_MATH = YES;
				SDKROOT = iphoneos;
				STRING_CATALOG_GENERATE_SYMBOLS = YES;
				SWIFT_COMPILATION_MODE = wholemodule;
				VALIDATE_PRODUCT = YES;
			};
			name = Release;
		};
		56D796042FC95B6200807EC5 /* Debug */ = {
			isa = XCBuildConfiguration;
			buildSettings = {
				ASSETCATALOG_COMPILER_APPICON_NAME = AppIcon;
				ASSETCATALOG_COMPILER_GLOBAL_ACCENT_COLOR_NAME = AccentColor;
				CODE_SIGN_STYLE = Automatic;
				CURRENT_PROJECT_VERSION = 1;
				DEVELOPMENT_TEAM = "$(DEVELOPMENT_TEAM)";
				ENABLE_PREVIEWS = YES;
				GENERATE_INFOPLIST_FILE = YES;
				INFOPLIST_KEY_UIApplicationSceneManifest_Generation = YES;
				INFOPLIST_KEY_UIApplicationSupportsIndirectInputEvents = YES;
				INFOPLIST_KEY_UILaunchScreen_Generation = YES;
				INFOPLIST_KEY_UISupportedInterfaceOrientations_iPad = "UIInterfaceOrientationPortrait UIInterfaceOrientationPortraitUpsideDown UIInterfaceOrientationLandscapeLeft UIInterfaceOrientationLandscapeRight";
				INFOPLIST_KEY_UISupportedInterfaceOrientations_iPhone = "UIInterfaceOrientationPortrait UIInterfaceOrientationLandscapeLeft UIInterfaceOrientationLandscapeRight";
				IPHONEOS_DEPLOYMENT_TARGET = 26.2;
				LD_RUNPATH_SEARCH_PATHS = (
					"$(inherited)",
					"@executable_path/Frameworks",
				);
				MARKETING_VERSION = 1.0;
				PRODUCT_BUNDLE_IDENTIFIER = "$(PRODUCT_BUNDLE_IDENTIFIER)";
				PRODUCT_NAME = "$(TARGET_NAME)";
				STRING_CATALOG_GENERATE_SYMBOLS = YES;
				SWIFT_APPROACHABLE_CONCURRENCY = YES;
				SWIFT_DEFAULT_ACTOR_ISOLATION = MainActor;
				SWIFT_EMIT_LOC_STRINGS = YES;
				SWIFT_UPCOMING_FEATURE_MEMBER_IMPORT_VISIBILITY = YES;
				SWIFT_VERSION = 5.0;
				TARGETED_DEVICE_FAMILY = "1,2";
			};
			name = Debug;
		};
		56D796052FC95B6200807EC5 /* Release */ = {
			isa = XCBuildConfiguration;
			buildSettings = {
				ASSETCATALOG_COMPILER_APPICON_NAME = AppIcon;
				ASSETCATALOG_COMPILER_GLOBAL_ACCENT_COLOR_NAME = AccentColor;
				CODE_SIGN_STYLE = Automatic;
				CURRENT_PROJECT_VERSION = 1;
				DEVELOPMENT_TEAM = "$(DEVELOPMENT_TEAM)";
				ENABLE_PREVIEWS = YES;
				GENERATE_INFOPLIST_FILE = YES;
				INFOPLIST_KEY_UIApplicationSceneManifest_Generation = YES;
				INFOPLIST_KEY_UIApplicationSupportsIndirectInputEvents = YES;
				INFOPLIST_KEY_UILaunchScreen_Generation = YES;
				INFOPLIST_KEY_UISupportedInterfaceOrientations_iPad = "UIInterfaceOrientationPortrait UIInterfaceOrientationPortraitUpsideDown UIInterfaceOrientationLandscapeLeft UIInterfaceOrientationLandscapeRight";
				INFOPLIST_KEY_UISupportedInterfaceOrientations_iPhone = "UIInterfaceOrientationPortrait UIInterfaceOrientationLandscapeLeft UIInterfaceOrientationLandscapeRight";
				IPHONEOS_DEPLOYMENT_TARGET = 26.2;
				LD_RUNPATH_SEARCH_PATHS = (
					"$(inherited)",
					"@executable_path/Frameworks",
				);
				MARKETING_VERSION = 1.0;
				PRODUCT_BUNDLE_IDENTIFIER = "$(PRODUCT_BUNDLE_IDENTIFIER)";
				PRODUCT_NAME = "$(TARGET_NAME)";
				STRING_CATALOG_GENERATE_SYMBOLS = YES;
				SWIFT_APPROACHABLE_CONCURRENCY = YES;
				SWIFT_DEFAULT_ACTOR_ISOLATION = MainActor;
				SWIFT_EMIT_LOC_STRINGS = YES;
				SWIFT_UPCOMING_FEATURE_MEMBER_IMPORT_VISIBILITY = YES;
				SWIFT_VERSION = 5.0;
				TARGETED_DEVICE_FAMILY = "1,2";
			};
			name = Release;
		};
		56D796072FC95B6200807EC5 /* Debug */ = {
			isa = XCBuildConfiguration;
			buildSettings = {
				BUNDLE_LOADER = "$(TEST_HOST)";
				CODE_SIGN_STYLE = Automatic;
				CURRENT_PROJECT_VERSION = 1;
				DEVELOPMENT_TEAM = "$(DEVELOPMENT_TEAM)";
				GENERATE_INFOPLIST_FILE = YES;
				IPHONEOS_DEPLOYMENT_TARGET = 26.4;
				MARKETING_VERSION = 1.0;
				PRODUCT_BUNDLE_IDENTIFIER = "-C3-T13.ZupZupTests";
				PRODUCT_NAME = "$(TARGET_NAME)";
				STRING_CATALOG_GENERATE_SYMBOLS = NO;
				SWIFT_APPROACHABLE_CONCURRENCY = YES;
				SWIFT_EMIT_LOC_STRINGS = NO;
				SWIFT_UPCOMING_FEATURE_MEMBER_IMPORT_VISIBILITY = YES;
				SWIFT_VERSION = 5.0;
				TARGETED_DEVICE_FAMILY = "1,2";
				TEST_HOST = "$(BUILT_PRODUCTS_DIR)/ZupZup.app/$(BUNDLE_EXECUTABLE_FOLDER_PATH)/ZupZup";
			};
			name = Debug;
		};
		56D796082FC95B6200807EC5 /* Release */ = {
			isa = XCBuildConfiguration;
			buildSettings = {
				BUNDLE_LOADER = "$(TEST_HOST)";
				CODE_SIGN_STYLE = Automatic;
				CURRENT_PROJECT_VERSION = 1;
				DEVELOPMENT_TEAM = "$(DEVELOPMENT_TEAM)";
				GENERATE_INFOPLIST_FILE = YES;
				IPHONEOS_DEPLOYMENT_TARGET = 26.4;
				MARKETING_VERSION = 1.0;
				PRODUCT_BUNDLE_IDENTIFIER = "-C3-T13.ZupZupTests";
				PRODUCT_NAME = "$(TARGET_NAME)";
				STRING_CATALOG_GENERATE_SYMBOLS = NO;
				SWIFT_APPROACHABLE_CONCURRENCY = YES;
				SWIFT_EMIT_LOC_STRINGS = NO;
				SWIFT_UPCOMING_FEATURE_MEMBER_IMPORT_VISIBILITY = YES;
				SWIFT_VERSION = 5.0;
				TARGETED_DEVICE_FAMILY = "1,2";
				TEST_HOST = "$(BUILT_PRODUCTS_DIR)/ZupZup.app/$(BUNDLE_EXECUTABLE_FOLDER_PATH)/ZupZup";
			};
			name = Release;
		};
		56D7960A2FC95B6200807EC5 /* Debug */ = {
			isa = XCBuildConfiguration;
			buildSettings = {
				CODE_SIGN_STYLE = Automatic;
				CURRENT_PROJECT_VERSION = 1;
				DEVELOPMENT_TEAM = "$(DEVELOPMENT_TEAM)";
				GENERATE_INFOPLIST_FILE = YES;
				MARKETING_VERSION = 1.0;
				PRODUCT_BUNDLE_IDENTIFIER = "-C3-T13.ZupZupUITests";
				PRODUCT_NAME = "$(TARGET_NAME)";
				STRING_CATALOG_GENERATE_SYMBOLS = NO;
				SWIFT_APPROACHABLE_CONCURRENCY = YES;
				SWIFT_EMIT_LOC_STRINGS = NO;
				SWIFT_UPCOMING_FEATURE_MEMBER_IMPORT_VISIBILITY = YES;
				SWIFT_VERSION = 5.0;
				TARGETED_DEVICE_FAMILY = "1,2";
				TEST_TARGET_NAME = ZupZup;
			};
			name = Debug;
		};
		56D7960B2FC95B6200807EC5 /* Release */ = {
			isa = XCBuildConfiguration;
			buildSettings = {
				CODE_SIGN_STYLE = Automatic;
				CURRENT_PROJECT_VERSION = 1;
				DEVELOPMENT_TEAM = "$(DEVELOPMENT_TEAM)";
				GENERATE_INFOPLIST_FILE = YES;
				MARKETING_VERSION = 1.0;
				PRODUCT_BUNDLE_IDENTIFIER = "-C3-T13.ZupZupUITests";
				PRODUCT_NAME = "$(TARGET_NAME)";
				STRING_CATALOG_GENERATE_SYMBOLS = NO;
				SWIFT_APPROACHABLE_CONCURRENCY = YES;
				SWIFT_EMIT_LOC_STRINGS = NO;
				SWIFT_UPCOMING_FEATURE_MEMBER_IMPORT_VISIBILITY = YES;
				SWIFT_VERSION = 5.0;
				TARGETED_DEVICE_FAMILY = "1,2";
				TEST_TARGET_NAME = ZupZup;
			};
			name = Release;
		};
/* End XCBuildConfiguration section */

/* Begin XCConfigurationList section */
		56D795DD2FC95B6100807EC5 /* Build configuration list for PBXProject "ZupZup" */ = {
			isa = XCConfigurationList;
			buildConfigurations = (
				56D796012FC95B6200807EC5 /* Debug */,
				56D796022FC95B6200807EC5 /* Release */,
			);
			defaultConfigurationIsVisible = 0;
			defaultConfigurationName = Release;
		};
		56D796032FC95B6200807EC5 /* Build configuration list for PBXNativeTarget "ZupZup" */ = {
			isa = XCConfigurationList;
			buildConfigurations = (
				56D796042FC95B6200807EC5 /* Debug */,
				56D796052FC95B6200807EC5 /* Release */,
			);
			defaultConfigurationIsVisible = 0;
			defaultConfigurationName = Release;
		};
		56D796062FC95B6200807EC5 /* Build configuration list for PBXNativeTarget "ZupZupTests" */ = {
			isa = XCConfigurationList;
			buildConfigurations = (
				56D796072FC95B6200807EC5 /* Debug */,
				56D796082FC95B6200807EC5 /* Release */,
			);
			defaultConfigurationIsVisible = 0;
			defaultConfigurationName = Release;
		};
		56D796092FC95B6200807EC5 /* Build configuration list for PBXNativeTarget "ZupZupUITests" */ = {
			isa = XCConfigurationList;
			buildConfigurations = (
				56D7960A2FC95B6200807EC5 /* Debug */,
				56D7960B2FC95B6200807EC5 /* Release */,
			);
			defaultConfigurationIsVisible = 0;
			defaultConfigurationName = Release;
		};
/* End XCConfigurationList section */

/* Begin XCLocalSwiftPackageReference section */
		CBC1D2712FD2974A00EF9A02 /* XCLocalSwiftPackageReference "ZupZupContent" */ = {
			isa = XCLocalSwiftPackageReference;
			relativePath = ZupZupContent;
		};
/* End XCLocalSwiftPackageReference section */

/* Begin XCSwiftPackageProductDependency section */
		CBC1D2722FD2975200EF9A02 /* ZupZupContent */ = {
			isa = XCSwiftPackageProductDependency;
			package = CBC1D2712FD2974A00EF9A02 /* XCLocalSwiftPackageReference "ZupZupContent" */;
			productName = ZupZupContent;
		};
/* End XCSwiftPackageProductDependency section */
	};
	rootObject = 56D795DA2FC95B6100807EC5 /* Project object */;
}
